
Microsoft Visual Studio Solution File, Format Version 12.00
# Visual Studio 15
VisualStudioVersion = 15.0.27130.2026
MinimumVisualStudioVersion = 10.0.40219.1
Project("{8BC9CEB8-8B4A-11D0-8D11-00A0C91BC942}") = "MazeRunner", "MazeRunner\MazeRunner.vcxproj", "{7A996244-C440-4F4E-9A00-336D99BE1E9F}"
EndProject
Global
	GlobalSection(SolutionConfigurationPlatforms) = preSolution
		Debug|x64 = Debug|x64
		Debug|x86 = Debug|x86
		Release|x64 = Release|x64
		Release|x86 = Release|x86
	EndGlobalSection
	GlobalSection(ProjectConfigurationPlatforms) = postSolution
		{7A996244-C440-4F4E-9A00-336D99BE1E9F}.Debug|x64.ActiveCfg = Debug|x64
		{7A996244-C440-4F4E-9A00-336D99BE1E9F}.Debug|x64.Build.0 = Debug|x64
		{7A996244-C440-4F4E-9A00-336D99BE1E9F}.Debug|x86.ActiveCfg = Debug|Win32
		{7A996244-C440-4F4E-9A00-336D99BE1E9F}.Debug|x86.Build.0 = Debug|Win32
		{7A996244-C440-4F4E-9A00-336D99BE1E9F}.Release|x64.ActiveCfg = Release|x64
		{7A996244-C440-4F4E-9A00-336D99BE1E9F}.Release|x64.Build.0 = Release|x64
		{7A996244-C440-4F4E-9A00-336D99BE1E9F}.Release|x86.ActiveCfg = Release|Win32
		{7A996244-C440-4F4E-9A00-336D99BE1E9F}.Release|x86.Build.0 = Release|Win32
	EndGlobalSection
	GlobalSection(SolutionProperties) = preSolution
		HideSolutionNode = FALSE
	EndGlobalSection
	GlobalSection(ExtensibilityGlobals) = postSolution
		SolutionGuid = {1C8BF6B6-5D02-4273-915E-D9D8D02A3CCA}
	EndGlobalSection
EndGlobal
